// !$*UTF8*$!
{
	archiveVersion = 1;
	classes = {
	};
	objectVersion = 56;
	objects = {

/* Begin PBXBuildFile section */
		431731852B3A012C00AB788D /* AppDelegate.swift in Sources */ = {isa = PBXBuildFile; fileRef = 431731842B3A012C00AB788D /* AppDelegate.swift */; };
		431731872B3A012C00AB788D /* SceneDelegate.swift in Sources */ = {isa = PBXBuildFile; fileRef = 431731862B3A012C00AB788D /* SceneDelegate.swift */; };
		431731892B3A012C00AB788D /* ViewController.swift in Sources */ = {isa = PBXBuildFile; fileRef = 431731882B3A012C00AB788D /* ViewController.swift */; };
		4317318E2B3A012C00AB788D /* Assets.xcassets in Resources */ = {isa = PBXBuildFile; fileRef = 4317318D2B3A012C00AB788D /* Assets.xcassets */; };
		431731912B3A012C00AB788D /* LaunchScreen.storyboard in Resources */ = {isa = PBXBuildFile; fileRef = 4317318F2B3A012C00AB788D /* LaunchScreen.storyboard */; };
		431731992B3B2E0100AB788D /* BaseTabBarController.swift in Sources */ = {isa = PBXBuildFile; fileRef = 431731982B3B2E0100AB788D /* BaseTabBarController.swift */; };
		43296D232B40ACD4005EA089 /* AppsPageHeader.swift in Sources */ = {isa = PBXBuildFile; fileRef = 43296D222B40ACD4005EA089 /* AppsPageHeader.swift */; };
		43296D252B40C1D6005EA089 /* AppsHeaderHorizontalController.swift in Sources */ = {isa = PBXBuildFile; fileRef = 43296D242B40C1D6005EA089 /* AppsHeaderHorizontalController.swift */; };
		43296D272B40CA90005EA089 /* AppsHeaderCell.swift in Sources */ = {isa = PBXBuildFile; fileRef = 43296D262B40CA90005EA089 /* AppsHeaderCell.swift */; };
		43296D292B417D42005EA089 /* TopFreeApps.swift in Sources */ = {isa = PBXBuildFile; fileRef = 43296D282B417D42005EA089 /* TopFreeApps.swift */; };
		4337E6D52B446B590030E501 /* HorizontalSnappingController.swift in Sources */ = {isa = PBXBuildFile; fileRef = 4337E6D42B446B590030E501 /* HorizontalSnappingController.swift */; };
		4337E6D82B45C12C0030E501 /* AppDetailController.swift in Sources */ = {isa = PBXBuildFile; fileRef = 4337E6D72B45C12C0030E501 /* AppDetailController.swift */; };
		4337E6DB2B46FCE40030E501 /* AppDetailCell.swift in Sources */ = {isa = PBXBuildFile; fileRef = 4337E6DA2B46FCE40030E501 /* AppDetailCell.swift */; };
		434569512B48943D00689E58 /* PreviewCell.swift in Sources */ = {isa = PBXBuildFile; fileRef = 434569502B48943D00689E58 /* PreviewCell.swift */; };
		434569532B4896AF00689E58 /* PreviewScreenShotsController.swift in Sources */ = {isa = PBXBuildFile; fileRef = 434569522B4896AF00689E58 /* PreviewScreenShotsController.swift */; };
		434569552B48986500689E58 /* ScreenShotCell.swift in Sources */ = {isa = PBXBuildFile; fileRef = 434569542B48986500689E58 /* ScreenShotCell.swift */; };
		434569572B49996100689E58 /* ReviewCell.swift in Sources */ = {isa = PBXBuildFile; fileRef = 434569562B49996100689E58 /* ReviewCell.swift */; };
		434569592B499ADC00689E58 /* ReviewController.swift in Sources */ = {isa = PBXBuildFile; fileRef = 434569582B499ADC00689E58 /* ReviewController.swift */; };
		4345695B2B499BEB00689E58 /* ReviewHorizontalCell.swift in Sources */ = {isa = PBXBuildFile; fileRef = 4345695A2B499BEB00689E58 /* ReviewHorizontalCell.swift */; };
		4345695D2B49A52800689E58 /* ReviewItems.swift in Sources */ = {isa = PBXBuildFile; fileRef = 4345695C2B49A52800689E58 /* ReviewItems.swift */; };
		434F0A8E2B3B671800F632C1 /* AppsSearchController.swift in Sources */ = {isa = PBXBuildFile; fileRef = 434F0A8D2B3B671800F632C1 /* AppsSearchController.swift */; };
		434F0A912B3C9C1500F632C1 /* SearchResultCell.swift in Sources */ = {isa = PBXBuildFile; fileRef = 434F0A902B3C9C1500F632C1 /* SearchResultCell.swift */; };
		434F0A942B3CBFEF00F632C1 /* UIView+Layout.swift in Sources */ = {isa = PBXBuildFile; fileRef = 434F0A932B3CBFEF00F632C1 /* UIView+Layout.swift */; };
		434F0A962B3CC7A200F632C1 /* VerticalStackView.swift in Sources */ = {isa = PBXBuildFile; fileRef = 434F0A952B3CC7A200F632C1 /* VerticalStackView.swift */; };
		434F0A992B3DD77900F632C1 /* SearchResult.swift in Sources */ = {isa = PBXBuildFile; fileRef = 434F0A982B3DD77900F632C1 /* SearchResult.swift */; };
		434F0A9C2B3F1E9A00F632C1 /* Service.swift in Sources */ = {isa = PBXBuildFile; fileRef = 434F0A9B2B3F1E9A00F632C1 /* Service.swift */; };
		434F0A9F2B3F2E0800F632C1 /* SDWebImage in Frameworks */ = {isa = PBXBuildFile; productRef = 434F0A9E2B3F2E0800F632C1 /* SDWebImage */; };
		434F0AA62B40338300F632C1 /* BaseListController.swift in Sources */ = {isa = PBXBuildFile; fileRef = 434F0AA52B40338300F632C1 /* BaseListController.swift */; };
		434F0AA82B40372800F632C1 /* AppsController.swift in Sources */ = {isa = PBXBuildFile; fileRef = 434F0AA72B40372800F632C1 /* AppsController.swift */; };
		434F0AAC2B4039AE00F632C1 /* AppsGroupCell.swift in Sources */ = {isa = PBXBuildFile; fileRef = 434F0AAB2B4039AE00F632C1 /* AppsGroupCell.swift */; };
		434F0AAE2B4040FE00F632C1 /* AppsHorizontalController.swift in Sources */ = {isa = PBXBuildFile; fileRef = 434F0AAD2B4040FE00F632C1 /* AppsHorizontalController.swift */; };
		434F0AB02B40678900F632C1 /* AppRowCell.swift in Sources */ = {isa = PBXBuildFile; fileRef = 434F0AAF2B40678900F632C1 /* AppRowCell.swift */; };
		43D7DEF42B42DABC00453FBF /* HeaderItems.swift in Sources */ = {isa = PBXBuildFile; fileRef = 43D7DEF32B42DABC00453FBF /* HeaderItems.swift */; };
/* End PBXBuildFile section */

/* Begin PBXFileReference section */
		431731812B3A012C00AB788D /* AppleStoreLBTA.app */ = {isa = PBXFileReference; explicitFileType = wrapper.application; includeInIndex = 0; path = AppleStoreLBTA.app; sourceTree = BUILT_PRODUCTS_DIR; };
		431731842B3A012C00AB788D /* AppDelegate.swift */ = {isa = PBXFileReference; lastKnownFileType = sourcecode.swift; path = AppDelegate.swift; sourceTree = "<group>"; };
		431731862B3A012C00AB788D /* SceneDelegate.swift */ = {isa = PBXFileReference; lastKnownFileType = sourcecode.swift; path = SceneDelegate.swift; sourceTree = "<group>"; };
		431731882B3A012C00AB788D /* ViewController.swift */ = {isa = PBXFileReference; lastKnownFileType = sourcecode.swift; path = ViewController.swift; sourceTree = "<group>"; };
		4317318D2B3A012C00AB788D /* Assets.xcassets */ = {isa = PBXFileReference; lastKnownFileType = folder.assetcatalog; path = Assets.xcassets; sourceTree = "<group>"; };
		431731902B3A012C00AB788D /* Base */ = {isa = PBXFileReference; lastKnownFileType = file.storyboard; name = Base; path = Base.lproj/LaunchScreen.storyboard; sourceTree = "<group>"; };
		431731922B3A012C00AB788D /* Info.plist */ = {isa = PBXFileReference; lastKnownFileType = text.plist.xml; path = Info.plist; sourceTree = "<group>"; };
		431731982B3B2E0100AB788D /* BaseTabBarController.swift */ = {isa = PBXFileReference; lastKnownFileType = sourcecode.swift; path = BaseTabBarController.swift; sourceTree = "<group>"; };
		43296D222B40ACD4005EA089 /* AppsPageHeader.swift */ = {isa = PBXFileReference; lastKnownFileType = sourcecode.swift; path = AppsPageHeader.swift; sourceTree = "<group>"; };
		43296D242B40C1D6005EA089 /* AppsHeaderHorizontalController.swift */ = {isa = PBXFileReference; lastKnownFileType = sourcecode.swift; path = AppsHeaderHorizontalController.swift; sourceTree = "<group>"; };
		43296D262B40CA90005EA089 /* AppsHeaderCell.swift */ = {isa = PBXFileReference; lastKnownFileType = sourcecode.swift; path = AppsHeaderCell.swift; sourceTree = "<group>"; };
		43296D282B417D42005EA089 /* TopFreeApps.swift */ = {isa = PBXFileReference; lastKnownFileType = sourcecode.swift; path = TopFreeApps.swift; sourceTree = "<group>"; };
		4337E6D42B446B590030E501 /* HorizontalSnappingController.swift */ = {isa = PBXFileReference; lastKnownFileType = sourcecode.swift; path = HorizontalSnappingController.swift; sourceTree = "<group>"; };
		4337E6D72B45C12C0030E501 /* AppDetailController.swift */ = {isa = PBXFileReference; lastKnownFileType = sourcecode.swift; path = AppDetailController.swift; sourceTree = "<group>"; };
		4337E6DA2B46FCE40030E501 /* AppDetailCell.swift */ = {isa = PBXFileReference; lastKnownFileType = sourcecode.swift; path = AppDetailCell.swift; sourceTree = "<group>"; };
		434569502B48943D00689E58 /* PreviewCell.swift */ = {isa = PBXFileReference; lastKnownFileType = sourcecode.swift; path = PreviewCell.swift; sourceTree = "<group>"; };
		434569522B4896AF00689E58 /* PreviewScreenShotsController.swift */ = {isa = PBXFileReference; lastKnownFileType = sourcecode.swift; path = PreviewScreenShotsController.swift; sourceTree = "<group>"; };
		434569542B48986500689E58 /* ScreenShotCell.swift */ = {isa = PBXFileReference; lastKnownFileType = sourcecode.swift; path = ScreenShotCell.swift; sourceTree = "<group>"; };
		434569562B49996100689E58 /* ReviewCell.swift */ = {isa = PBXFileReference; lastKnownFileType = sourcecode.swift; path = ReviewCell.swift; sourceTree = "<group>"; };
		434569582B499ADC00689E58 /* ReviewController.swift */ = {isa = PBXFileReference; lastKnownFileType = sourcecode.swift; path = ReviewController.swift; sourceTree = "<group>"; };
		4345695A2B499BEB00689E58 /* ReviewHorizontalCell.swift */ = {isa = PBXFileReference; lastKnownFileType = sourcecode.swift; path = ReviewHorizontalCell.swift; sourceTree = "<group>"; };
		4345695C2B49A52800689E58 /* ReviewItems.swift */ = {isa = PBXFileReference; lastKnownFileType = sourcecode.swift; path = ReviewItems.swift; sourceTree = "<group>"; };
		434F0A8D2B3B671800F632C1 /* AppsSearchController.swift */ = {isa = PBXFileReference; lastKnownFileType = sourcecode.swift; path = AppsSearchController.swift; sourceTree = "<group>"; };
		434F0A902B3C9C1500F632C1 /* SearchResultCell.swift */ = {isa = PBXFileReference; lastKnownFileType = sourcecode.swift; path = SearchResultCell.swift; sourceTree = "<group>"; };
		434F0A932B3CBFEF00F632C1 /* UIView+Layout.swift */ = {isa = PBXFileReference; fileEncoding = 4; lastKnownFileType = sourcecode.swift; path = "UIView+Layout.swift"; sourceTree = "<group>"; };
		434F0A952B3CC7A200F632C1 /* VerticalStackView.swift */ = {isa = PBXFileReference; lastKnownFileType = sourcecode.swift; path = VerticalStackView.swift; sourceTree = "<group>"; };
		434F0A982B3DD77900F632C1 /* SearchResult.swift */ = {isa = PBXFileReference; lastKnownFileType = sourcecode.swift; path = SearchResult.swift; sourceTree = "<group>"; };
		434F0A9B2B3F1E9A00F632C1 /* Service.swift */ = {isa = PBXFileReference; lastKnownFileType = sourcecode.swift; path = Service.swift; sourceTree = "<group>"; };
		434F0AA52B40338300F632C1 /* BaseListController.swift */ = {isa = PBXFileReference; lastKnownFileType = sourcecode.swift; path = BaseListController.swift; sourceTree = "<group>"; };
		434F0AA72B40372800F632C1 /* AppsController.swift */ = {isa = PBXFileReference; lastKnownFileType = sourcecode.swift; path = AppsController.swift; sourceTree = "<group>"; };
		434F0AAB2B4039AE00F632C1 /* AppsGroupCell.swift */ = {isa = PBXFileReference; lastKnownFileType = sourcecode.swift; path = AppsGroupCell.swift; sourceTree = "<group>"; };
		434F0AAD2B4040FE00F632C1 /* AppsHorizontalController.swift */ = {isa = PBXFileReference; lastKnownFileType = sourcecode.swift; path = AppsHorizontalController.swift; sourceTree = "<group>"; };
		434F0AAF2B40678900F632C1 /* AppRowCell.swift */ = {isa = PBXFileReference; lastKnownFileType = sourcecode.swift; path = AppRowCell.swift; sourceTree = "<group>"; };
		43D7DEF32B42DABC00453FBF /* HeaderItems.swift */ = {isa = PBXFileReference; lastKnownFileType = sourcecode.swift; path = HeaderItems.swift; sourceTree = "<group>"; };
/* End PBXFileReference section */

/* Begin PBXFrameworksBuildPhase section */
		4317317E2B3A012C00AB788D /* Frameworks */ = {
			isa = PBXFrameworksBuildPhase;
			buildActionMask = 2147483647;
			files = (
				434F0A9F2B3F2E0800F632C1 /* SDWebImage in Frameworks */,
			);
			runOnlyForDeploymentPostprocessing = 0;
		};
/* End PBXFrameworksBuildPhase section */

/* Begin PBXGroup section */
		431731782B3A012C00AB788D = {
			isa = PBXGroup;
			children = (
				431731832B3A012C00AB788D /* AppleStoreLBTA */,
				431731822B3A012C00AB788D /* Products */,
			);
			sourceTree = "<group>";
		};
		431731822B3A012C00AB788D /* Products */ = {
			isa = PBXGroup;
			children = (
				431731812B3A012C00AB788D /* AppleStoreLBTA.app */,
			);
			name = Products;
			sourceTree = "<group>";
		};
		431731832B3A012C00AB788D /* AppleStoreLBTA */ = {
			isa = PBXGroup;
			children = (
				434F0A9A2B3F1E9100F632C1 /* Service */,
				434F0A922B3CBFE100F632C1 /* Helpers */,
				434F0A972B3DD76C00F632C1 /* Model */,
				434F0A8F2B3C9BFC00F632C1 /* View */,
				434F0A8C2B3B66F200F632C1 /* Controller */,
				431731842B3A012C00AB788D /* AppDelegate.swift */,
				431731862B3A012C00AB788D /* SceneDelegate.swift */,
				431731882B3A012C00AB788D /* ViewController.swift */,
				4317318D2B3A012C00AB788D /* Assets.xcassets */,
				4317318F2B3A012C00AB788D /* LaunchScreen.storyboard */,
				431731922B3A012C00AB788D /* Info.plist */,
			);
			path = AppleStoreLBTA;
			sourceTree = "<group>";
		};
		4337E6D62B45C1170030E501 /* AppDetails */ = {
			isa = PBXGroup;
			children = (
				4337E6D72B45C12C0030E501 /* AppDetailController.swift */,
				434569522B4896AF00689E58 /* PreviewScreenShotsController.swift */,
				434569582B499ADC00689E58 /* ReviewController.swift */,
			);
			path = AppDetails;
			sourceTree = "<group>";
		};
		4337E6D92B46FCC80030E501 /* AppDetail */ = {
			isa = PBXGroup;
			children = (
				4337E6DA2B46FCE40030E501 /* AppDetailCell.swift */,
				434569502B48943D00689E58 /* PreviewCell.swift */,
				434569542B48986500689E58 /* ScreenShotCell.swift */,
				434569562B49996100689E58 /* ReviewCell.swift */,
				4345695A2B499BEB00689E58 /* ReviewHorizontalCell.swift */,
			);
			path = AppDetail;
			sourceTree = "<group>";
		};
		434F0A8C2B3B66F200F632C1 /* Controller */ = {
			isa = PBXGroup;
			children = (
				434F0AA12B40330E00F632C1 /* AppsController */,
				434F0AA02B4032FF00F632C1 /* SearchController */,
				434F0AA22B40331B00F632C1 /* BaseTabBarController */,
			);
			path = Controller;
			sourceTree = "<group>";
		};
		434F0A8F2B3C9BFC00F632C1 /* View */ = {
			isa = PBXGroup;
			children = (
				434F0AAA2B40394800F632C1 /* AppsView */,
				434F0AA92B40393800F632C1 /* SearchView */,
			);
			path = View;
			sourceTree = "<group>";
		};
		434F0A922B3CBFE100F632C1 /* Helpers */ = {
			isa = PBXGroup;
			children = (
				434F0A932B3CBFEF00F632C1 /* UIView+Layout.swift */,
				434F0A952B3CC7A200F632C1 /* VerticalStackView.swift */,
				434F0AA52B40338300F632C1 /* BaseListController.swift */,
				4337E6D42B446B590030E501 /* HorizontalSnappingController.swift */,
			);
			path = Helpers;
			sourceTree = "<group>";
		};
		434F0A972B3DD76C00F632C1 /* Model */ = {
			isa = PBXGroup;
			children = (
				434F0A982B3DD77900F632C1 /* SearchResult.swift */,
				43296D282B417D42005EA089 /* TopFreeApps.swift */,
				43D7DEF32B42DABC00453FBF /* HeaderItems.swift */,
				4345695C2B49A52800689E58 /* ReviewItems.swift */,
			);
			path = Model;
			sourceTree = "<group>";
		};
		434F0A9A2B3F1E9100F632C1 /* Service */ = {
			isa = PBXGroup;
			children = (
				434F0A9B2B3F1E9A00F632C1 /* Service.swift */,
			);
			path = Service;
			sourceTree = "<group>";
		};
		434F0AA02B4032FF00F632C1 /* SearchController */ = {
			isa = PBXGroup;
			children = (
				434F0A8D2B3B671800F632C1 /* AppsSearchController.swift */,
			);
			path = SearchController;
			sourceTree = "<group>";
		};
		434F0AA12B40330E00F632C1 /* AppsController */ = {
			isa = PBXGroup;
			children = (
				4337E6D62B45C1170030E501 /* AppDetails */,
				434F0AA72B40372800F632C1 /* AppsController.swift */,
				434F0AAD2B4040FE00F632C1 /* AppsHorizontalController.swift */,
				43296D242B40C1D6005EA089 /* AppsHeaderHorizontalController.swift */,
			);
			path = AppsController;
			sourceTree = "<group>";
		};
		434F0AA22B40331B00F632C1 /* BaseTabBarController */ = {
			isa = PBXGroup;
			children = (
				431731982B3B2E0100AB788D /* BaseTabBarController.swift */,
			);
			path = BaseTabBarController;
			sourceTree = "<group>";
		};
		434F0AA92B40393800F632C1 /* SearchView */ = {
			isa = PBXGroup;
			children = (
				434F0A902B3C9C1500F632C1 /* SearchResultCell.swift */,
			);
			path = SearchView;
			sourceTree = "<group>";
		};
		434F0AAA2B40394800F632C1 /* AppsView */ = {
			isa = PBXGroup;
			children = (
				4337E6D92B46FCC80030E501 /* AppDetail */,
				434F0AAB2B4039AE00F632C1 /* AppsGroupCell.swift */,
				434F0AAF2B40678900F632C1 /* AppRowCell.swift */,
				43296D222B40ACD4005EA089 /* AppsPageHeader.swift */,
				43296D262B40CA90005EA089 /* AppsHeaderCell.swift */,
			);
			path = AppsView;
			sourceTree = "<group>";
		};
/* End PBXGroup section */

/* Begin PBXNativeTarget section */
		431731802B3A012C00AB788D /* AppleStoreLBTA */ = {
			isa = PBXNativeTarget;
			buildConfigurationList = 431731952B3A012C00AB788D /* Build configuration list for PBXNativeTarget "AppleStoreLBTA" */;
			buildPhases = (
				4317317D2B3A012C00AB788D /* Sources */,
				4317317E2B3A012C00AB788D /* Frameworks */,
				4317317F2B3A012C00AB788D /* Resources */,
			);
			buildRules = (
			);
			dependencies = (
			);
			name = AppleStoreLBTA;
			packageProductDependencies = (
				434F0A9E2B3F2E0800F632C1 /* SDWebImage */,
			);
			productName = AppleStoreLBTA;
			productReference = 431731812B3A012C00AB788D /* AppleStoreLBTA.app */;
			productType = "com.apple.product-type.application";
		};
/* End PBXNativeTarget section */

/* Begin PBXProject section */
		431731792B3A012C00AB788D /* Project object */ = {
			isa = PBXProject;
			attributes = {
				BuildIndependentTargetsInParallel = 1;
				LastSwiftUpdateCheck = 1420;
				LastUpgradeCheck = 1420;
				TargetAttributes = {
					431731802B3A012C00AB788D = {
						CreatedOnToolsVersion = 14.2;
					};
				};
			};
			buildConfigurationList = 4317317C2B3A012C00AB788D /* Build configuration list for PBXProject "AppleStoreLBTA" */;
			compatibilityVersion = "Xcode 14.0";
			developmentRegion = en;
			hasScannedForEncodings = 0;
			knownRegions = (
				en,
				Base,
			);
			mainGroup = 431731782B3A012C00AB788D;
			packageReferences = (
				434F0A9D2B3F2E0800F632C1 /* XCRemoteSwiftPackageReference "SDWebImage" */,
			);
			productRefGroup = 431731822B3A012C00AB788D /* Products */;
			projectDirPath = "";
			projectRoot = "";
			targets = (
				431731802B3A012C00AB788D /* AppleStoreLBTA */,
			);
		};
/* End PBXProject section */

/* Begin PBXResourcesBuildPhase section */
		4317317F2B3A012C00AB788D /* Resources */ = {
			isa = PBXResourcesBuildPhase;
			buildActionMask = 2147483647;
			files = (
				431731912B3A012C00AB788D /* LaunchScreen.storyboard in Resources */,
				4317318E2B3A012C00AB788D /* Assets.xcassets in Resources */,
			);
			runOnlyForDeploymentPostprocessing = 0;
		};
/* End PBXResourcesBuildPhase section */

/* Begin PBXSourcesBuildPhase section */
		4317317D2B3A012C00AB788D /* Sources */ = {
			isa = PBXSourcesBuildPhase;
			buildActionMask = 2147483647;
			files = (
				434F0A992B3DD77900F632C1 /* SearchResult.swift in Sources */,
				431731992B3B2E0100AB788D /* BaseTabBarController.swift in Sources */,
				431731892B3A012C00AB788D /* ViewController.swift in Sources */,
				431731852B3A012C00AB788D /* AppDelegate.swift in Sources */,
				434569572B49996100689E58 /* ReviewCell.swift in Sources */,
				43296D272B40CA90005EA089 /* AppsHeaderCell.swift in Sources */,
				434F0A8E2B3B671800F632C1 /* AppsSearchController.swift in Sources */,
				434569512B48943D00689E58 /* PreviewCell.swift in Sources */,
				434F0A912B3C9C1500F632C1 /* SearchResultCell.swift in Sources */,
				43D7DEF42B42DABC00453FBF /* HeaderItems.swift in Sources */,
				434F0AAC2B4039AE00F632C1 /* AppsGroupCell.swift in Sources */,
				434F0A962B3CC7A200F632C1 /* VerticalStackView.swift in Sources */,
				43296D232B40ACD4005EA089 /* AppsPageHeader.swift in Sources */,
				4337E6D82B45C12C0030E501 /* AppDetailController.swift in Sources */,
				434F0A9C2B3F1E9A00F632C1 /* Service.swift in Sources */,
				4345695B2B499BEB00689E58 /* ReviewHorizontalCell.swift in Sources */,
				434569592B499ADC00689E58 /* ReviewController.swift in Sources */,
				434F0A942B3CBFEF00F632C1 /* UIView+Layout.swift in Sources */,
				43296D292B417D42005EA089 /* TopFreeApps.swift in Sources */,
				434F0AA62B40338300F632C1 /* BaseListController.swift in Sources */,
				431731872B3A012C00AB788D /* SceneDelegate.swift in Sources */,
				434F0AA82B40372800F632C1 /* AppsController.swift in Sources */,
				4337E6D52B446B590030E501 /* HorizontalSnappingController.swift in Sources */,
				434F0AAE2B4040FE00F632C1 /* AppsHorizontalController.swift in Sources */,
				4337E6DB2B46FCE40030E501 /* AppDetailCell.swift in Sources */,
				434569532B4896AF00689E58 /* PreviewScreenShotsController.swift in Sources */,
				434569552B48986500689E58 /* ScreenShotCell.swift in Sources */,
				434F0AB02B40678900F632C1 /* AppRowCell.swift in Sources */,
				4345695D2B49A52800689E58 /* ReviewItems.swift in Sources */,
				43296D252B40C1D6005EA089 /* AppsHeaderHorizontalController.swift in Sources */,
			);
			runOnlyForDeploymentPostprocessing = 0;
		};
/* End PBXSourcesBuildPhase section */

/* Begin PBXVariantGroup section */
		4317318F2B3A012C00AB788D /* LaunchScreen.storyboard */ = {
			isa = PBXVariantGroup;
			children = (
				431731902B3A012C00AB788D /* Base */,
			);
			name = LaunchScreen.storyboard;
			sourceTree = "<group>";
		};
/* End PBXVariantGroup section */

/* Begin XCBuildConfiguration section */
		431731932B3A012C00AB788D /* Debug */ = {
			isa = XCBuildConfiguration;
			buildSettings = {
				ALWAYS_SEARCH_USER_PATHS = NO;
				CLANG_ANALYZER_NONNULL = YES;
				CLANG_ANALYZER_NUMBER_OBJECT_CONVERSION = YES_AGGRESSIVE;
				CLANG_CXX_LANGUAGE_STANDARD = "gnu++20";
				CLANG_ENABLE_MODULES = YES;
				CLANG_ENABLE_OBJC_ARC = YES;
				CLANG_ENABLE_OBJC_WEAK = YES;
				CLANG_WARN_BLOCK_CAPTURE_AUTORELEASING = YES;
				CLANG_WARN_BOOL_CONVERSION = YES;
				CLANG_WARN_COMMA = YES;
				CLANG_WARN_CONSTANT_CONVERSION = YES;
				CLANG_WARN_DEPRECATED_OBJC_IMPLEMENTATIONS = YES;
				CLANG_WARN_DIRECT_OBJC_ISA_USAGE = YES_ERROR;
				CLANG_WARN_DOCUMENTATION_COMMENTS = YES;
				CLANG_WARN_EMPTY_BODY = YES;
				CLANG_WARN_ENUM_CONVERSION = YES;
				CLANG_WARN_INFINITE_RECURSION = YES;
				CLANG_WARN_INT_CONVERSION = YES;
				CLANG_WARN_NON_LITERAL_NULL_CONVERSION = YES;
				CLANG_WARN_OBJC_IMPLICIT_RETAIN_SELF = YES;
				CLANG_WARN_OBJC_LITERAL_CONVERSION = YES;
				CLANG_WARN_OBJC_ROOT_CLASS = YES_ERROR;
				CLANG_WARN_QUOTED_INCLUDE_IN_FRAMEWORK_HEADER = YES;
				CLANG_WARN_RANGE_LOOP_ANALYSIS = YES;
				CLANG_WARN_STRICT_PROTOTYPES = YES;
				CLANG_WARN_SUSPICIOUS_MOVE = YES;
				CLANG_WARN_UNGUARDED_AVAILABILITY = YES_AGGRESSIVE;
				CLANG_WARN_UNREACHABLE_CODE = YES;
				CLANG_WARN__DUPLICATE_METHOD_MATCH = YES;
				COPY_PHASE_STRIP = NO;
				DEBUG_INFORMATION_FORMAT = dwarf;
				ENABLE_STRICT_OBJC_MSGSEND = YES;
				ENABLE_TESTABILITY = YES;
				GCC_C_LANGUAGE_STANDARD = gnu11;
				GCC_DYNAMIC_NO_PIC = NO;
				GCC_NO_COMMON_BLOCKS = YES;
				GCC_OPTIMIZATION_LEVEL = 0;
				GCC_PREPROCESSOR_DEFINITIONS = (
					"DEBUG=1",
					"$(inherited)",
				);
				GCC_WARN_64_TO_32_BIT_CONVERSION = YES;
				GCC_WARN_ABOUT_RETURN_TYPE = YES_ERROR;
				GCC_WARN_UNDECLARED_SELECTOR = YES;
				GCC_WARN_UNINITIALIZED_AUTOS = YES_AGGRESSIVE;
				GCC_WARN_UNUSED_FUNCTION = YES;
				GCC_WARN_UNUSED_VARIABLE = YES;
				IPHONEOS_DEPLOYMENT_TARGET = 16.2;
				MTL_ENABLE_DEBUG_INFO = INCLUDE_SOURCE;
				MTL_FAST_MATH = YES;
				ONLY_ACTIVE_ARCH = YES;
				SDKROOT = iphoneos;
				SWIFT_ACTIVE_COMPILATION_CONDITIONS = DEBUG;
				SWIFT_OPTIMIZATION_LEVEL = "-Onone";
			};
			name = Debug;
		};
		431731942B3A012C00AB788D /* Release */ = {
			isa = XCBuildConfiguration;
			buildSettings = {
				ALWAYS_SEARCH_USER_PATHS = NO;
				CLANG_ANALYZER_NONNULL = YES;
				CLANG_ANALYZER_NUMBER_OBJECT_CONVERSION = YES_AGGRESSIVE;
				CLANG_CXX_LANGUAGE_STANDARD = "gnu++20";
				CLANG_ENABLE_MODULES = YES;
				CLANG_ENABLE_OBJC_ARC = YES;
				CLANG_ENABLE_OBJC_WEAK = YES;
				CLANG_WARN_BLOCK_CAPTURE_AUTORELEASING = YES;
				CLANG_WARN_BOOL_CONVERSION = YES;
				CLANG_WARN_COMMA = YES;
				CLANG_WARN_CONSTANT_CONVERSION = YES;
				CLANG_WARN_DEPRECATED_OBJC_IMPLEMENTATIONS = YES;
				CLANG_WARN_DIRECT_OBJC_ISA_USAGE = YES_ERROR;
				CLANG_WARN_DOCUMENTATION_COMMENTS = YES;
				CLANG_WARN_EMPTY_BODY = YES;
				CLANG_WARN_ENUM_CONVERSION = YES;
				CLANG_WARN_INFINITE_RECURSION = YES;
				CLANG_WARN_INT_CONVERSION = YES;
				CLANG_WARN_NON_LITERAL_NULL_CONVERSION = YES;
				CLANG_WARN_OBJC_IMPLICIT_RETAIN_SELF = YES;
				CLANG_WARN_OBJC_LITERAL_CONVERSION = YES;
				CLANG_WARN_OBJC_ROOT_CLASS = YES_ERROR;
				CLANG_WARN_QUOTED_INCLUDE_IN_FRAMEWORK_HEADER = YES;
				CLANG_WARN_RANGE_LOOP_ANALYSIS = YES;
				CLANG_WARN_STRICT_PROTOTYPES = YES;
				CLANG_WARN_SUSPICIOUS_MOVE = YES;
				CLANG_WARN_UNGUARDED_AVAILABILITY = YES_AGGRESSIVE;
				CLANG_WARN_UNREACHABLE_CODE = YES;
				CLANG_WARN__DUPLICATE_METHOD_MATCH = YES;
				COPY_PHASE_STRIP = NO;
				DEBUG_INFORMATION_FORMAT = "dwarf-with-dsym";
				ENABLE_NS_ASSERTIONS = NO;
				ENABLE_STRICT_OBJC_MSGSEND = YES;
				GCC_C_LANGUAGE_STANDARD = gnu11;
				GCC_NO_COMMON_BLOCKS = YES;
				GCC_WARN_64_TO_32_BIT_CONVERSION = YES;
				GCC_WARN_ABOUT_RETURN_TYPE = YES_ERROR;
				GCC_WARN_UNDECLARED_SELECTOR = YES;
				GCC_WARN_UNINITIALIZED_AUTOS = YES_AGGRESSIVE;
				GCC_WARN_UNUSED_FUNCTION = YES;
				GCC_WARN_UNUSED_VARIABLE = YES;
				IPHONEOS_DEPLOYMENT_TARGET = 16.2;
				MTL_ENABLE_DEBUG_INFO = NO;
				MTL_FAST_MATH = YES;
				SDKROOT = iphoneos;
				SWIFT_COMPILATION_MODE = wholemodule;
				SWIFT_OPTIMIZATION_LEVEL = "-O";
				VALIDATE_PRODUCT = YES;
			};
			name = Release;
		};
		431731962B3A012C00AB788D /* Debug */ = {
			isa = XCBuildConfiguration;
			buildSettings = {
				ASSETCATALOG_COMPILER_APPICON_NAME = AppIcon;
				ASSETCATALOG_COMPILER_GLOBAL_ACCENT_COLOR_NAME = AccentColor;
				CODE_SIGN_STYLE = Automatic;
				CURRENT_PROJECT_VERSION = 1;
				DEVELOPMENT_TEAM = C7T7MNSP5C;
				GENERATE_INFOPLIST_FILE = YES;
				INFOPLIST_FILE = AppleStoreLBTA/Info.plist;
				INFOPLIST_KEY_UIApplicationSupportsIndirectInputEvents = YES;
				INFOPLIST_KEY_UILaunchStoryboardName = LaunchScreen;
				INFOPLIST_KEY_UISupportedInterfaceOrientations_iPad = "UIInterfaceOrientationPortrait UIInterfaceOrientationPortraitUpsideDown UIInterfaceOrientationLandscapeLeft UIInterfaceOrientationLandscapeRight";
				INFOPLIST_KEY_UISupportedInterfaceOrientations_iPhone = "UIInterfaceOrientationPortrait UIInterfaceOrientationLandscapeLeft UIInterfaceOrientationLandscapeRight";
				LD_RUNPATH_SEARCH_PATHS = (
					"$(inherited)",
					"@executable_path/Frameworks",
				);
				MARKETING_VERSION = 1.0;
				PRODUCT_BUNDLE_IDENTIFIER = com.muratceyhun.AppleStoreLBTA;
				PRODUCT_NAME = "$(TARGET_NAME)";
				SWIFT_EMIT_LOC_STRINGS = YES;
				SWIFT_VERSION = 5.0;
				TARGETED_DEVICE_FAMILY = "1,2";
			};
			name = Debug;
		};
		431731972B3A012C00AB788D /* Release */ = {
			isa = XCBuildConfiguration;
			buildSettings = {
				ASSETCATALOG_COMPILER_APPICON_NAME = AppIcon;
				ASSETCATALOG_COMPILER_GLOBAL_ACCENT_COLOR_NAME = AccentColor;
				CODE_SIGN_STYLE = Automatic;
				CURRENT_PROJECT_VERSION = 1;
				DEVELOPMENT_TEAM = C7T7MNSP5C;
				GENERATE_INFOPLIST_FILE = YES;
				INFOPLIST_FILE = AppleStoreLBTA/Info.plist;
				INFOPLIST_KEY_UIApplicationSupportsIndirectInputEvents = YES;
				INFOPLIST_KEY_UILaunchStoryboardName = LaunchScreen;
				INFOPLIST_KEY_UISupportedInterfaceOrientations_iPad = "UIInterfaceOrientationPortrait UIInterfaceOrientationPortraitUpsideDown UIInterfaceOrientationLandscapeLeft UIInterfaceOrientationLandscapeRight";
				INFOPLIST_KEY_UISupportedInterfaceOrientations_iPhone = "UIInterfaceOrientationPortrait UIInterfaceOrientationLandscapeLeft UIInterfaceOrientationLandscapeRight";
				LD_RUNPATH_SEARCH_PATHS = (
					"$(inherited)",
					"@executable_path/Frameworks",
				);
				MARKETING_VERSION = 1.0;
				PRODUCT_BUNDLE_IDENTIFIER = com.muratceyhun.AppleStoreLBTA;
				PRODUCT_NAME = "$(TARGET_NAME)";
				SWIFT_EMIT_LOC_STRINGS = YES;
				SWIFT_VERSION = 5.0;
				TARGETED_DEVICE_FAMILY = "1,2";
			};
			name = Release;
		};
/* End XCBuildConfiguration section */

/* Begin XCConfigurationList section */
		4317317C2B3A012C00AB788D /* Build configuration list for PBXProject "AppleStoreLBTA" */ = {
			isa = XCConfigurationList;
			buildConfigurations = (
				431731932B3A012C00AB788D /* Debug */,
				431731942B3A012C00AB788D /* Release */,
			);
			defaultConfigurationIsVisible = 0;
			defaultConfigurationName = Release;
		};
		431731952B3A012C00AB788D /* Build configuration list for PBXNativeTarget "AppleStoreLBTA" */ = {
			isa = XCConfigurationList;
			buildConfigurations = (
				431731962B3A012C00AB788D /* Debug */,
				431731972B3A012C00AB788D /* Release */,
			);
			defaultConfigurationIsVisible = 0;
			defaultConfigurationName = Release;
		};
/* End XCConfigurationList section */

/* Begin XCRemoteSwiftPackageReference section */
		434F0A9D2B3F2E0800F632C1 /* XCRemoteSwiftPackageReference "SDWebImage" */ = {
			isa = XCRemoteSwiftPackageReference;
			repositoryURL = "https://github.com/SDWebImage/SDWebImage";
			requirement = {
				kind = upToNextMajorVersion;
				minimumVersion = 5.0.0;
			};
		};
/* End XCRemoteSwiftPackageReference section */

/* Begin XCSwiftPackageProductDependency section */
		434F0A9E2B3F2E0800F632C1 /* SDWebImage */ = {
			isa = XCSwiftPackageProductDependency;
			package = 434F0A9D2B3F2E0800F632C1 /* XCRemoteSwiftPackageReference "SDWebImage" */;
			productName = SDWebImage;
		};
/* End XCSwiftPackageProductDependency section */
	};
	rootObject = 431731792B3A012C00AB788D /* Project object */;
}
