// !$*UTF8*$!
{
	archiveVersion = 1;
	classes = {
	};
	objectVersion = 56;
	objects = {

/* Begin PBXBuildFile section */
		431731852B3A012C00AB788D /* AppDelegate.swift in Sources */ = {isa = PBXBuildFile; fileRef = 431731842B3A012C00AB788D /* AppDelegate.swift */; };
		431731872B3A012C00AB788D /* SceneDelegate.swift in Sources */ = {isa = PBXBuildFile; fileRef = 431731862B3A012C00AB788D /* SceneDelegate.swift */; };
		431731892B3A012C00AB788D /* ViewController.swift in Sources */ = {isa = PBXBuildFile; fileRef = 431731882B3A012C00AB788D /* ViewController.swift */; };
		4317318E2B3A012C00AB788D /* Assets.xcassets in Resources */ = {isa = PBXBuildFile; fileRef = 4317318D2B3A012C00AB788D /* Assets.xcassets */; };
		431731912B3A012C00AB788D /* LaunchScreen.storyboard in Resources */ = {isa = PBXBuildFile; fileRef = 4317318F2B3A012C00AB788D /* LaunchScreen.storyboard */; };
		431731992B3B2E0100AB788D /* BaseTabBarController.swift in Sources */ = {isa = PBXBuildFile; fileRef = 431731982B3B2E0100AB788D /* BaseTabBarController.swift */; };
		434F0A8E2B3B671800F632C1 /* AppsSearchController.swift in Sources */ = {isa = PBXBuildFile; fileRef = 434F0A8D2B3B671800F632C1 /* AppsSearchController.swift */; };
		434F0A912B3C9C1500F632C1 /* SearchResultCell.swift in Sources */ = {isa = PBXBuildFile; fileRef = 434F0A902B3C9C1500F632C1 /* SearchResultCell.swift */; };
		434F0A942B3CBFEF00F632C1 /* UIView+Layout.swift in Sources */ = {isa = PBXBuildFile; fileRef = 434F0A932B3CBFEF00F632C1 /* UIView+Layout.swift */; };
		434F0A962B3CC7A200F632C1 /* VerticalStackView.swift in Sources */ = {isa = PBXBuildFile; fileRef = 434F0A952B3CC7A200F632C1 /* VerticalStackView.swift */; };
/* End PBXBuildFile section */

/* Begin PBXFileReference section */
		431731812B3A012C00AB788D /* AppleStoreLBTA.app */ = {isa = PBXFileReference; explicitFileType = wrapper.application; includeInIndex = 0; path = AppleStoreLBTA.app; sourceTree = BUILT_PRODUCTS_DIR; };
		431731842B3A012C00AB788D /* AppDelegate.swift */ = {isa = PBXFileReference; lastKnownFileType = sourcecode.swift; path = AppDelegate.swift; sourceTree = "<group>"; };
		431731862B3A012C00AB788D /* SceneDelegate.swift */ = {isa = PBXFileReference; lastKnownFileType = sourcecode.swift; path = SceneDelegate.swift; sourceTree = "<group>"; };
		431731882B3A012C00AB788D /* ViewController.swift */ = {isa = PBXFileReference; lastKnownFileType = sourcecode.swift; path = ViewController.swift; sourceTree = "<group>"; };
		4317318D2B3A012C00AB788D /* Assets.xcassets */ = {isa = PBXFileReference; lastKnownFileType = folder.assetcatalog; path = Assets.xcassets; sourceTree = "<group>"; };
		431731902B3A012C00AB788D /* Base */ = {isa = PBXFileReference; lastKnownFileType = file.storyboard; name = Base; path = Base.lproj/LaunchScreen.storyboard; sourceTree = "<group>"; };
		431731922B3A012C00AB788D /* Info.plist */ = {isa = PBXFileReference; lastKnownFileType = text.plist.xml; path = Info.plist; sourceTree = "<group>"; };
		431731982B3B2E0100AB788D /* BaseTabBarController.swift */ = {isa = PBXFileReference; lastKnownFileType = sourcecode.swift; path = BaseTabBarController.swift; sourceTree = "<group>"; };
		434F0A8D2B3B671800F632C1 /* AppsSearchController.swift */ = {isa = PBXFileReference; lastKnownFileType = sourcecode.swift; path = AppsSearchController.swift; sourceTree = "<group>"; };
		434F0A902B3C9C1500F632C1 /* SearchResultCell.swift */ = {isa = PBXFileReference; lastKnownFileType = sourcecode.swift; path = SearchResultCell.swift; sourceTree = "<group>"; };
		434F0A932B3CBFEF00F632C1 /* UIView+Layout.swift */ = {isa = PBXFileReference; fileEncoding = 4; lastKnownFileType = sourcecode.swift; path = "UIView+Layout.swift"; sourceTree = "<group>"; };
		434F0A952B3CC7A200F632C1 /* VerticalStackView.swift */ = {isa = PBXFileReference; lastKnownFileType = sourcecode.swift; path = VerticalStackView.swift; sourceTree = "<group>"; };
/* End PBXFileReference section */

/* Begin PBXFrameworksBuildPhase section */
		4317317E2B3A012C00AB788D /* Frameworks */ = {
			isa = PBXFrameworksBuildPhase;
			buildActionMask = 2147483647;
			files = (
			);
			runOnlyForDeploymentPostprocessing = 0;
		};
/* End PBXFrameworksBuildPhase section */

/* Begin PBXGroup section */
		431731782B3A012C00AB788D = {
			isa = PBXGroup;
			children = (
				431731832B3A012C00AB788D /* AppleStoreLBTA */,
				431731822B3A012C00AB788D /* Products */,
			);
			sourceTree = "<group>";
		};
		431731822B3A012C00AB788D /* Products */ = {
			isa = PBXGroup;
			children = (
				431731812B3A012C00AB788D /* AppleStoreLBTA.app */,
			);
			name = Products;
			sourceTree = "<group>";
		};
		431731832B3A012C00AB788D /* AppleStoreLBTA */ = {
			isa = PBXGroup;
			children = (
				434F0A922B3CBFE100F632C1 /* Helpers */,
				434F0A8F2B3C9BFC00F632C1 /* Views */,
				434F0A8C2B3B66F200F632C1 /* Controllers */,
				431731842B3A012C00AB788D /* AppDelegate.swift */,
				431731862B3A012C00AB788D /* SceneDelegate.swift */,
				431731882B3A012C00AB788D /* ViewController.swift */,
				4317318D2B3A012C00AB788D /* Assets.xcassets */,
				4317318F2B3A012C00AB788D /* LaunchScreen.storyboard */,
				431731922B3A012C00AB788D /* Info.plist */,
			);
			path = AppleStoreLBTA;
			sourceTree = "<group>";
		};
		434F0A8C2B3B66F200F632C1 /* Controllers */ = {
			isa = PBXGroup;
			children = (
				431731982B3B2E0100AB788D /* BaseTabBarController.swift */,
				434F0A8D2B3B671800F632C1 /* AppsSearchController.swift */,
			);
			path = Controllers;
			sourceTree = "<group>";
		};
		434F0A8F2B3C9BFC00F632C1 /* Views */ = {
			isa = PBXGroup;
			children = (
				434F0A902B3C9C1500F632C1 /* SearchResultCell.swift */,
			);
			path = Views;
			sourceTree = "<group>";
		};
		434F0A922B3CBFE100F632C1 /* Helpers */ = {
			isa = PBXGroup;
			children = (
				434F0A932B3CBFEF00F632C1 /* UIView+Layout.swift */,
				434F0A952B3CC7A200F632C1 /* VerticalStackView.swift */,
			);
			path = Helpers;
			sourceTree = "<group>";
		};
/* End PBXGroup section */

/* Begin PBXNativeTarget section */
		431731802B3A012C00AB788D /* AppleStoreLBTA */ = {
			isa = PBXNativeTarget;
			buildConfigurationList = 431731952B3A012C00AB788D /* Build configuration list for PBXNativeTarget "AppleStoreLBTA" */;
			buildPhases = (
				4317317D2B3A012C00AB788D /* Sources */,
				4317317E2B3A012C00AB788D /* Frameworks */,
				4317317F2B3A012C00AB788D /* Resources */,
			);
			buildRules = (
			);
			dependencies = (
			);
			name = AppleStoreLBTA;
			productName = AppleStoreLBTA;
			productReference = 431731812B3A012C00AB788D /* AppleStoreLBTA.app */;
			productType = "com.apple.product-type.application";
		};
/* End PBXNativeTarget section */

/* Begin PBXProject section */
		431731792B3A012C00AB788D /* Project object */ = {
			isa = PBXProject;
			attributes = {
				BuildIndependentTargetsInParallel = 1;
				LastSwiftUpdateCheck = 1420;
				LastUpgradeCheck = 1420;
				TargetAttributes = {
					431731802B3A012C00AB788D = {
						CreatedOnToolsVersion = 14.2;
					};
				};
			};
			buildConfigurationList = 4317317C2B3A012C00AB788D /* Build configuration list for PBXProject "AppleStoreLBTA" */;
			compatibilityVersion = "Xcode 14.0";
			developmentRegion = en;
			hasScannedForEncodings = 0;
			knownRegions = (
				en,
				Base,
			);
			mainGroup = 431731782B3A012C00AB788D;
			productRefGroup = 431731822B3A012C00AB788D /* Products */;
			projectDirPath = "";
			projectRoot = "";
			targets = (
				431731802B3A012C00AB788D /* AppleStoreLBTA */,
			);
		};
/* End PBXProject section */

/* Begin PBXResourcesBuildPhase section */
		4317317F2B3A012C00AB788D /* Resources */ = {
			isa = PBXResourcesBuildPhase;
			buildActionMask = 2147483647;
			files = (
				431731912B3A012C00AB788D /* LaunchScreen.storyboard in Resources */,
				4317318E2B3A012C00AB788D /* Assets.xcassets in Resources */,
			);
			runOnlyForDeploymentPostprocessing = 0;
		};
/* End PBXResourcesBuildPhase section */

/* Begin PBXSourcesBuildPhase section */
		4317317D2B3A012C00AB788D /* Sources */ = {
			isa = PBXSourcesBuildPhase;
			buildActionMask = 2147483647;
			files = (
				431731992B3B2E0100AB788D /* BaseTabBarController.swift in Sources */,
				431731892B3A012C00AB788D /* ViewController.swift in Sources */,
				431731852B3A012C00AB788D /* AppDelegate.swift in Sources */,
				434F0A8E2B3B671800F632C1 /* AppsSearchController.swift in Sources */,
				434F0A912B3C9C1500F632C1 /* SearchResultCell.swift in Sources */,
				434F0A962B3CC7A200F632C1 /* VerticalStackView.swift in Sources */,
				434F0A942B3CBFEF00F632C1 /* UIView+Layout.swift in Sources */,
				431731872B3A012C00AB788D /* SceneDelegate.swift in Sources */,
			);
			runOnlyForDeploymentPostprocessing = 0;
		};
/* End PBXSourcesBuildPhase section */

/* Begin PBXVariantGroup section */
		4317318F2B3A012C00AB788D /* LaunchScreen.storyboard */ = {
			isa = PBXVariantGroup;
			children = (
				431731902B3A012C00AB788D /* Base */,
			);
			name = LaunchScreen.storyboard;
			sourceTree = "<group>";
		};
/* End PBXVariantGroup section */

/* Begin XCBuildConfiguration section */
		431731932B3A012C00AB788D /* Debug */ = {
			isa = XCBuildConfiguration;
			buildSettings = {
				ALWAYS_SEARCH_USER_PATHS = NO;
				CLANG_ANALYZER_NONNULL = YES;
				CLANG_ANALYZER_NUMBER_OBJECT_CONVERSION = YES_AGGRESSIVE;
				CLANG_CXX_LANGUAGE_STANDARD = "gnu++20";
				CLANG_ENABLE_MODULES = YES;
				CLANG_ENABLE_OBJC_ARC = YES;
				CLANG_ENABLE_OBJC_WEAK = YES;
				CLANG_WARN_BLOCK_CAPTURE_AUTORELEASING = YES;
				CLANG_WARN_BOOL_CONVERSION = YES;
				CLANG_WARN_COMMA = YES;
				CLANG_WARN_CONSTANT_CONVERSION = YES;
				CLANG_WARN_DEPRECATED_OBJC_IMPLEMENTATIONS = YES;
				CLANG_WARN_DIRECT_OBJC_ISA_USAGE = YES_ERROR;
				CLANG_WARN_DOCUMENTATION_COMMENTS = YES;
				CLANG_WARN_EMPTY_BODY = YES;
				CLANG_WARN_ENUM_CONVERSION = YES;
				CLANG_WARN_INFINITE_RECURSION = YES;
				CLANG_WARN_INT_CONVERSION = YES;
				CLANG_WARN_NON_LITERAL_NULL_CONVERSION = YES;
				CLANG_WARN_OBJC_IMPLICIT_RETAIN_SELF = YES;
				CLANG_WARN_OBJC_LITERAL_CONVERSION = YES;
				CLANG_WARN_OBJC_ROOT_CLASS = YES_ERROR;
				CLANG_WARN_QUOTED_INCLUDE_IN_FRAMEWORK_HEADER = YES;
				CLANG_WARN_RANGE_LOOP_ANALYSIS = YES;
				CLANG_WARN_STRICT_PROTOTYPES = YES;
				CLANG_WARN_SUSPICIOUS_MOVE = YES;
				CLANG_WARN_UNGUARDED_AVAILABILITY = YES_AGGRESSIVE;
				CLANG_WARN_UNREACHABLE_CODE = YES;
				CLANG_WARN__DUPLICATE_METHOD_MATCH = YES;
				COPY_PHASE_STRIP = NO;
				DEBUG_INFORMATION_FORMAT = dwarf;
				ENABLE_STRICT_OBJC_MSGSEND = YES;
				ENABLE_TESTABILITY = YES;
				GCC_C_LANGUAGE_STANDARD = gnu11;
				GCC_DYNAMIC_NO_PIC = NO;
				GCC_NO_COMMON_BLOCKS = YES;
				GCC_OPTIMIZATION_LEVEL = 0;
				GCC_PREPROCESSOR_DEFINITIONS = (
					"DEBUG=1",
					"$(inherited)",
				);
				GCC_WARN_64_TO_32_BIT_CONVERSION = YES;
				GCC_WARN_ABOUT_RETURN_TYPE = YES_ERROR;
				GCC_WARN_UNDECLARED_SELECTOR = YES;
				GCC_WARN_UNINITIALIZED_AUTOS = YES_AGGRESSIVE;
				GCC_WARN_UNUSED_FUNCTION = YES;
				GCC_WARN_UNUSED_VARIABLE = YES;
				IPHONEOS_DEPLOYMENT_TARGET = 16.2;
				MTL_ENABLE_DEBUG_INFO = INCLUDE_SOURCE;
				MTL_FAST_MATH = YES;
				ONLY_ACTIVE_ARCH = YES;
				SDKROOT = iphoneos;
				SWIFT_ACTIVE_COMPILATION_CONDITIONS = DEBUG;
				SWIFT_OPTIMIZATION_LEVEL = "-Onone";
			};
			name = Debug;
		};
		431731942B3A012C00AB788D /* Release */ = {
			isa = XCBuildConfiguration;
			buildSettings = {
				ALWAYS_SEARCH_USER_PATHS = NO;
				CLANG_ANALYZER_NONNULL = YES;
				CLANG_ANALYZER_NUMBER_OBJECT_CONVERSION = YES_AGGRESSIVE;
				CLANG_CXX_LANGUAGE_STANDARD = "gnu++20";
				CLANG_ENABLE_MODULES = YES;
				CLANG_ENABLE_OBJC_ARC = YES;
				CLANG_ENABLE_OBJC_WEAK = YES;
				CLANG_WARN_BLOCK_CAPTURE_AUTORELEASING = YES;
				CLANG_WARN_BOOL_CONVERSION = YES;
				CLANG_WARN_COMMA = YES;
				CLANG_WARN_CONSTANT_CONVERSION = YES;
				CLANG_WARN_DEPRECATED_OBJC_IMPLEMENTATIONS = YES;
				CLANG_WARN_DIRECT_OBJC_ISA_USAGE = YES_ERROR;
				CLANG_WARN_DOCUMENTATION_COMMENTS = YES;
				CLANG_WARN_EMPTY_BODY = YES;
				CLANG_WARN_ENUM_CONVERSION = YES;
				CLANG_WARN_INFINITE_RECURSION = YES;
				CLANG_WARN_INT_CONVERSION = YES;
				CLANG_WARN_NON_LITERAL_NULL_CONVERSION = YES;
				CLANG_WARN_OBJC_IMPLICIT_RETAIN_SELF = YES;
				CLANG_WARN_OBJC_LITERAL_CONVERSION = YES;
				CLANG_WARN_OBJC_ROOT_CLASS = YES_ERROR;
				CLANG_WARN_QUOTED_INCLUDE_IN_FRAMEWORK_HEADER = YES;
				CLANG_WARN_RANGE_LOOP_ANALYSIS = YES;
				CLANG_WARN_STRICT_PROTOTYPES = YES;
				CLANG_WARN_SUSPICIOUS_MOVE = YES;
				CLANG_WARN_UNGUARDED_AVAILABILITY = YES_AGGRESSIVE;
				CLANG_WARN_UNREACHABLE_CODE = YES;
				CLANG_WARN__DUPLICATE_METHOD_MATCH = YES;
				COPY_PHASE_STRIP = NO;
				DEBUG_INFORMATION_FORMAT = "dwarf-with-dsym";
				ENABLE_NS_ASSERTIONS = NO;
				ENABLE_STRICT_OBJC_MSGSEND = YES;
				GCC_C_LANGUAGE_STANDARD = gnu11;
				GCC_NO_COMMON_BLOCKS = YES;
				GCC_WARN_64_TO_32_BIT_CONVERSION = YES;
				GCC_WARN_ABOUT_RETURN_TYPE = YES_ERROR;
				GCC_WARN_UNDECLARED_SELECTOR = YES;
				GCC_WARN_UNINITIALIZED_AUTOS = YES_AGGRESSIVE;
				GCC_WARN_UNUSED_FUNCTION = YES;
				GCC_WARN_UNUSED_VARIABLE = YES;
				IPHONEOS_DEPLOYMENT_TARGET = 16.2;
				MTL_ENABLE_DEBUG_INFO = NO;
				MTL_FAST_MATH = YES;
				SDKROOT = iphoneos;
				SWIFT_COMPILATION_MODE = wholemodule;
				SWIFT_OPTIMIZATION_LEVEL = "-O";
				VALIDATE_PRODUCT = YES;
			};
			name = Release;
		};
		431731962B3A012C00AB788D /* Debug */ = {
			isa = XCBuildConfiguration;
			buildSettings = {
				ASSETCATALOG_COMPILER_APPICON_NAME = AppIcon;
				ASSETCATALOG_COMPILER_GLOBAL_ACCENT_COLOR_NAME = AccentColor;
				CODE_SIGN_STYLE = Automatic;
				CURRENT_PROJECT_VERSION = 1;
				DEVELOPMENT_TEAM = C7T7MNSP5C;
				GENERATE_INFOPLIST_FILE = YES;
				INFOPLIST_FILE = AppleStoreLBTA/Info.plist;
				INFOPLIST_KEY_UIApplicationSupportsIndirectInputEvents = YES;
				INFOPLIST_KEY_UILaunchStoryboardName = LaunchScreen;
				INFOPLIST_KEY_UISupportedInterfaceOrientations_iPad = "UIInterfaceOrientationPortrait UIInterfaceOrientationPortraitUpsideDown UIInterfaceOrientationLandscapeLeft UIInterfaceOrientationLandscapeRight";
				INFOPLIST_KEY_UISupportedInterfaceOrientations_iPhone = "UIInterfaceOrientationPortrait UIInterfaceOrientationLandscapeLeft UIInterfaceOrientationLandscapeRight";
				LD_RUNPATH_SEARCH_PATHS = (
					"$(inherited)",
					"@executable_path/Frameworks",
				);
				MARKETING_VERSION = 1.0;
				PRODUCT_BUNDLE_IDENTIFIER = com.muratceyhun.AppleStoreLBTA;
				PRODUCT_NAME = "$(TARGET_NAME)";
				SWIFT_EMIT_LOC_STRINGS = YES;
				SWIFT_VERSION = 5.0;
				TARGETED_DEVICE_FAMILY = "1,2";
			};
			name = Debug;
		};
		431731972B3A012C00AB788D /* Release */ = {
			isa = XCBuildConfiguration;
			buildSettings = {
				ASSETCATALOG_COMPILER_APPICON_NAME = AppIcon;
				ASSETCATALOG_COMPILER_GLOBAL_ACCENT_COLOR_NAME = AccentColor;
				CODE_SIGN_STYLE = Automatic;
				CURRENT_PROJECT_VERSION = 1;
				DEVELOPMENT_TEAM = C7T7MNSP5C;
				GENERATE_INFOPLIST_FILE = YES;
				INFOPLIST_FILE = AppleStoreLBTA/Info.plist;
				INFOPLIST_KEY_UIApplicationSupportsIndirectInputEvents = YES;
				INFOPLIST_KEY_UILaunchStoryboardName = LaunchScreen;
				INFOPLIST_KEY_UISupportedInterfaceOrientations_iPad = "UIInterfaceOrientationPortrait UIInterfaceOrientationPortraitUpsideDown UIInterfaceOrientationLandscapeLeft UIInterfaceOrientationLandscapeRight";
				INFOPLIST_KEY_UISupportedInterfaceOrientations_iPhone = "UIInterfaceOrientationPortrait UIInterfaceOrientationLandscapeLeft UIInterfaceOrientationLandscapeRight";
				LD_RUNPATH_SEARCH_PATHS = (
					"$(inherited)",
					"@executable_path/Frameworks",
				);
				MARKETING_VERSION = 1.0;
				PRODUCT_BUNDLE_IDENTIFIER = com.muratceyhun.AppleStoreLBTA;
				PRODUCT_NAME = "$(TARGET_NAME)";
				SWIFT_EMIT_LOC_STRINGS = YES;
				SWIFT_VERSION = 5.0;
				TARGETED_DEVICE_FAMILY = "1,2";
			};
			name = Release;
		};
/* End XCBuildConfiguration section */

/* Begin XCConfigurationList section */
		4317317C2B3A012C00AB788D /* Build configuration list for PBXProject "AppleStoreLBTA" */ = {
			isa = XCConfigurationList;
			buildConfigurations = (
				431731932B3A012C00AB788D /* Debug */,
				431731942B3A012C00AB788D /* Release */,
			);
			defaultConfigurationIsVisible = 0;
			defaultConfigurationName = Release;
		};
		431731952B3A012C00AB788D /* Build configuration list for PBXNativeTarget "AppleStoreLBTA" */ = {
			isa = XCConfigurationList;
			buildConfigurations = (
				431731962B3A012C00AB788D /* Debug */,
				431731972B3A012C00AB788D /* Release */,
			);
			defaultConfigurationIsVisible = 0;
			defaultConfigurationName = Release;
		};
/* End XCConfigurationList section */
	};
	rootObject = 431731792B3A012C00AB788D /* Project object */;
}
